// !$*UTF8*$!
{
	archiveVersion = 1;
	classes = {
	};
	objectVersion = 46;
	objects = {

/* Begin PBXBuildFile section */
		91FAA52D13AEC36800680080 /* UIKit.framework in Frameworks */ = {isa = PBXBuildFile; fileRef = 91FAA52C13AEC36800680080 /* UIKit.framework */; };
		91FAA52F13AEC36800680080 /* Foundation.framework in Frameworks */ = {isa = PBXBuildFile; fileRef = 91FAA52E13AEC36800680080 /* Foundation.framework */; };
		91FAA53113AEC36800680080 /* CoreGraphics.framework in Frameworks */ = {isa = PBXBuildFile; fileRef = 91FAA53013AEC36800680080 /* CoreGraphics.framework */; };
		91FAA53713AEC36800680080 /* InfoPlist.strings in Resources */ = {isa = PBXBuildFile; fileRef = 91FAA53513AEC36800680080 /* InfoPlist.strings */; };
		91FAA53A13AEC36800680080 /* main.m in Sources */ = {isa = PBXBuildFile; fileRef = 91FAA53913AEC36800680080 /* main.m */; };
		91FAA53D13AEC36800680080 /* HelloWorldAppDelegate.m in Sources */ = {isa = PBXBuildFile; fileRef = 91FAA53C13AEC36800680080 /* HelloWorldAppDelegate.m */; };
		91FAA54013AEC36800680080 /* MainWindow.xib in Resources */ = {isa = PBXBuildFile; fileRef = 91FAA53E13AEC36800680080 /* MainWindow.xib */; };
		91FAA54913AEC8AD00680080 /* MyViewController.m in Sources */ = {isa = PBXBuildFile; fileRef = 91FAA54713AEC8AD00680080 /* MyViewController.m */; };
		91FAA54A13AEC8AD00680080 /* MyViewController.xib in Resources */ = {isa = PBXBuildFile; fileRef = 91FAA54813AEC8AD00680080 /* MyViewController.xib */; };
/* End PBXBuildFile section */

/* Begin PBXFileReference section */
		91FAA52813AEC36800680080 /* HelloWorld.app */ = {isa = PBXFileReference; explicitFileType = wrapper.application; includeInIndex = 0; path = HelloWorld.app; sourceTree = BUILT_PRODUCTS_DIR; };
		91FAA52C13AEC36800680080 /* UIKit.framework */ = {isa = PBXFileReference; lastKnownFileType = wrapper.framework; name = UIKit.framework; path = System/Library/Frameworks/UIKit.framework; sourceTree = SDKROOT; };
		91FAA52E13AEC36800680080 /* Foundation.framework */ = {isa = PBXFileReference; lastKnownFileType = wrapper.framework; name = Foundation.framework; path = System/Library/Frameworks/Foundation.framework; sourceTree = SDKROOT; };
		91FAA53013AEC36800680080 /* CoreGraphics.framework */ = {isa = PBXFileReference; lastKnownFileType = wrapper.framework; name = CoreGraphics.framework; path = System/Library/Frameworks/CoreGraphics.framework; sourceTree = SDKROOT; };
		91FAA53413AEC36800680080 /* HelloWorld-Info.plist */ = {isa = PBXFileReference; lastKnownFileType = text.plist.xml; path = "HelloWorld-Info.plist"; sourceTree = "<group>"; };
		91FAA53613AEC36800680080 /* en */ = {isa = PBXFileReference; lastKnownFileType = text.plist.strings; name = en; path = en.lproj/InfoPlist.strings; sourceTree = "<group>"; };
		91FAA53813AEC36800680080 /* HelloWorld-Prefix.pch */ = {isa = PBXFileReference; lastKnownFileType = sourcecode.c.h; path = "HelloWorld-Prefix.pch"; sourceTree = "<group>"; };
		91FAA53913AEC36800680080 /* main.m */ = {isa = PBXFileReference; lastKnownFileType = sourcecode.c.objc; path = main.m; sourceTree = "<group>"; };
		91FAA53B13AEC36800680080 /* HelloWorldAppDelegate.h */ = {isa = PBXFileReference; lastKnownFileType = sourcecode.c.h; path = HelloWorldAppDelegate.h; sourceTree = "<group>"; };
		91FAA53C13AEC36800680080 /* HelloWorldAppDelegate.m */ = {isa = PBXFileReference; lastKnownFileType = sourcecode.c.objc; path = HelloWorldAppDelegate.m; sourceTree = "<group>"; };
		91FAA53F13AEC36800680080 /* en */ = {isa = PBXFileReference; lastKnownFileType = file.xib; name = en; path = en.lproj/MainWindow.xib; sourceTree = "<group>"; };
		91FAA54613AEC8AD00680080 /* MyViewController.h */ = {isa = PBXFileReference; fileEncoding = 4; lastKnownFileType = sourcecode.c.h; path = MyViewController.h; sourceTree = "<group>"; };
		91FAA54713AEC8AD00680080 /* MyViewController.m */ = {isa = PBXFileReference; fileEncoding = 4; lastKnownFileType = sourcecode.c.objc; path = MyViewController.m; sourceTree = "<group>"; };
		91FAA54813AEC8AD00680080 /* MyViewController.xib */ = {isa = PBXFileReference; fileEncoding = 4; lastKnownFileType = file.xib; path = MyViewController.xib; sourceTree = "<group>"; };
/* End PBXFileReference section */

/* Begin PBXFrameworksBuildPhase section */
		91FAA52513AEC36800680080 /* Frameworks */ = {
			isa = PBXFrameworksBuildPhase;
			buildActionMask = 2147483647;
			files = (
				91FAA52D13AEC36800680080 /* UIKit.framework in Frameworks */,
				91FAA52F13AEC36800680080 /* Foundation.framework in Frameworks */,
				91FAA53113AEC36800680080 /* CoreGraphics.framework in Frameworks */,
			);
			runOnlyForDeploymentPostprocessing = 0;
		};
/* End PBXFrameworksBuildPhase section */

/* Begin PBXGroup section */
		91FAA51D13AEC36800680080 = {
			isa = PBXGroup;
			children = (
				91FAA53213AEC36800680080 /* HelloWorld */,
				91FAA52B13AEC36800680080 /* Frameworks */,
				91FAA52913AEC36800680080 /* Products */,
			);
			sourceTree = "<group>";
		};
		91FAA52913AEC36800680080 /* Products */ = {
			isa = PBXGroup;
			children = (
				91FAA52813AEC36800680080 /* HelloWorld.app */,
			);
			name = Products;
			sourceTree = "<group>";
		};
		91FAA52B13AEC36800680080 /* Frameworks */ = {
			isa = PBXGroup;
			children = (
				91FAA52C13AEC36800680080 /* UIKit.framework */,
				91FAA52E13AEC36800680080 /* Foundation.framework */,
				91FAA53013AEC36800680080 /* CoreGraphics.framework */,
			);
			name = Frameworks;
			sourceTree = "<group>";
		};
		91FAA53213AEC36800680080 /* HelloWorld */ = {
			isa = PBXGroup;
			children = (
				91FAA53B13AEC36800680080 /* HelloWorldAppDelegate.h */,
				91FAA53C13AEC36800680080 /* HelloWorldAppDelegate.m */,
				91FAA53E13AEC36800680080 /* MainWindow.xib */,
				91FAA54613AEC8AD00680080 /* MyViewController.h */,
				91FAA54713AEC8AD00680080 /* MyViewController.m */,
				91FAA54813AEC8AD00680080 /* MyViewController.xib */,
				91FAA53313AEC36800680080 /* Supporting Files */,
			);
			path = HelloWorld;
			sourceTree = "<group>";
		};
		91FAA53313AEC36800680080 /* Supporting Files */ = {
			isa = PBXGroup;
			children = (
				91FAA53413AEC36800680080 /* HelloWorld-Info.plist */,
				91FAA53513AEC36800680080 /* InfoPlist.strings */,
				91FAA53813AEC36800680080 /* HelloWorld-Prefix.pch */,
				91FAA53913AEC36800680080 /* main.m */,
			);
			name = "Supporting Files";
			sourceTree = "<group>";
		};
/* End PBXGroup section */

/* Begin PBXNativeTarget section */
		91FAA52713AEC36800680080 /* HelloWorld */ = {
			isa = PBXNativeTarget;
			buildConfigurationList = 91FAA54313AEC36800680080 /* Build configuration list for PBXNativeTarget "HelloWorld" */;
			buildPhases = (
				91FAA52413AEC36800680080 /* Sources */,
				91FAA52513AEC36800680080 /* Frameworks */,
				91FAA52613AEC36800680080 /* Resources */,
			);
			buildRules = (
			);
			dependencies = (
			);
			name = HelloWorld;
			productName = HelloWorld;
			productReference = 91FAA52813AEC36800680080 /* HelloWorld.app */;
			productType = "com.apple.product-type.application";
		};
/* End PBXNativeTarget section */

/* Begin PBXProject section */
		91FAA51F13AEC36800680080 /* Project object */ = {
			isa = PBXProject;
			buildConfigurationList = 91FAA52213AEC36800680080 /* Build configuration list for PBXProject "HelloWorld" */;
			compatibilityVersion = "Xcode 3.2";
			developmentRegion = English;
			hasScannedForEncodings = 0;
			knownRegions = (
				en,
			);
			mainGroup = 91FAA51D13AEC36800680080;
			productRefGroup = 91FAA52913AEC36800680080 /* Products */;
			projectDirPath = "";
			projectRoot = "";
			targets = (
				91FAA52713AEC36800680080 /* HelloWorld */,
			);
		};
/* End PBXProject section */

/* Begin PBXResourcesBuildPhase section */
		91FAA52613AEC36800680080 /* Resources */ = {
			isa = PBXResourcesBuildPhase;
			buildActionMask = 2147483647;
			files = (
				91FAA53713AEC36800680080 /* InfoPlist.strings in Resources */,
				91FAA54013AEC36800680080 /* MainWindow.xib in Resources */,
				91FAA54A13AEC8AD00680080 /* MyViewController.xib in Resources */,
			);
			runOnlyForDeploymentPostprocessing = 0;
		};
/* End PBXResourcesBuildPhase section */

/* Begin PBXSourcesBuildPhase section */
		91FAA52413AEC36800680080 /* Sources */ = {
			isa = PBXSourcesBuildPhase;
			buildActionMask = 2147483647;
			files = (
				91FAA53A13AEC36800680080 /* main.m in Sources */,
				91FAA53D13AEC36800680080 /* HelloWorldAppDelegate.m in Sources */,
				91FAA54913AEC8AD00680080 /* MyViewController.m in Sources */,
			);
			runOnlyForDeploymentPostprocessing = 0;
		};
/* End PBXSourcesBuildPhase section */

/* Begin PBXVariantGroup section */
		91FAA53513AEC36800680080 /* InfoPlist.strings */ = {
			isa = PBXVariantGroup;
			children = (
				91FAA53613AEC36800680080 /* en */,
			);
			name = InfoPlist.strings;
			sourceTree = "<group>";
		};
		91FAA53E13AEC36800680080 /* MainWindow.xib */ = {
			isa = PBXVariantGroup;
			children = (
				91FAA53F13AEC36800680080 /* en */,
			);
			name = MainWindow.xib;
			sourceTree = "<group>";
		};
/* End PBXVariantGroup section */

/* Begin XCBuildConfiguration section */
		91FAA54113AEC36800680080 /* Debug */ = {
			isa = XCBuildConfiguration;
			buildSettings = {
				ARCHS = "$(ARCHS_STANDARD_32_BIT)";
				"CODE_SIGN_IDENTITY[sdk=iphoneos*]" = "iPhone Developer";
				GCC_C_LANGUAGE_STANDARD = gnu99;
				GCC_OPTIMIZATION_LEVEL = 0;
				GCC_PREPROCESSOR_DEFINITIONS = DEBUG;
				GCC_SYMBOLS_PRIVATE_EXTERN = NO;
				GCC_VERSION = com.apple.compilers.llvmgcc42;
				GCC_WARN_ABOUT_RETURN_TYPE = YES;
				GCC_WARN_UNUSED_VARIABLE = YES;
				IPHONEOS_DEPLOYMENT_TARGET = 4.3;
				SDKROOT = iphoneos;
			};
			name = Debug;
		};
		91FAA54213AEC36800680080 /* Release */ = {
			isa = XCBuildConfiguration;
			buildSettings = {
				ARCHS = "$(ARCHS_STANDARD_32_BIT)";
				"CODE_SIGN_IDENTITY[sdk=iphoneos*]" = "iPhone Developer";
				GCC_C_LANGUAGE_STANDARD = gnu99;
				GCC_VERSION = com.apple.compilers.llvmgcc42;
				GCC_WARN_ABOUT_RETURN_TYPE = YES;
				GCC_WARN_UNUSED_VARIABLE = YES;
				IPHONEOS_DEPLOYMENT_TARGET = 4.3;
				OTHER_CFLAGS = "-DNS_BLOCK_ASSERTIONS=1";
				SDKROOT = iphoneos;
			};
			name = Release;
		};
		91FAA54413AEC36800680080 /* Debug */ = {
			isa = XCBuildConfiguration;
			buildSettings = {
				ALWAYS_SEARCH_USER_PATHS = NO;
				COPY_PHASE_STRIP = NO;
				GCC_DYNAMIC_NO_PIC = NO;
				GCC_PRECOMPILE_PREFIX_HEADER = YES;
				GCC_PREFIX_HEADER = "HelloWorld/HelloWorld-Prefix.pch";
				INFOPLIST_FILE = "HelloWorld/HelloWorld-Info.plist";
				PRODUCT_NAME = "$(TARGET_NAME)";
				WRAPPER_EXTENSION = app;
			};
			name = Debug;
		};
		91FAA54513AEC36800680080 /* Release */ = {
			isa = XCBuildConfiguration;
			buildSettings = {
				ALWAYS_SEARCH_USER_PATHS = NO;
				COPY_PHASE_STRIP = YES;
				GCC_PRECOMPILE_PREFIX_HEADER = YES;
				GCC_PREFIX_HEADER = "HelloWorld/HelloWorld-Prefix.pch";
				INFOPLIST_FILE = "HelloWorld/HelloWorld-Info.plist";
				PRODUCT_NAME = "$(TARGET_NAME)";
				VALIDATE_PRODUCT = YES;
				WRAPPER_EXTENSION = app;
			};
			name = Release;
		};
/* End XCBuildConfiguration section */

/* Begin XCConfigurationList section */
		91FAA52213AEC36800680080 /* Build configuration list for PBXProject "HelloWorld" */ = {
			isa = XCConfigurationList;
			buildConfigurations = (
				91FAA54113AEC36800680080 /* Debug */,
				91FAA54213AEC36800680080 /* Release */,
			);
			defaultConfigurationIsVisible = 0;
			defaultConfigurationName = Release;
		};
		91FAA54313AEC36800680080 /* Build configuration list for PBXNativeTarget "HelloWorld" */ = {
			isa = XCConfigurationList;
			buildConfigurations = (
				91FAA54413AEC36800680080 /* Debug */,
				91FAA54513AEC36800680080 /* Release */,
			);
			defaultConfigurationIsVisible = 0;
		};
/* End XCConfigurationList section */
	};
	rootObject = 91FAA51F13AEC36800680080 /* Project object */;
}
